Microsoft Visual Studio Solution File, Format Version 12.00
# Visual Studio Version 17
VisualStudioVersion = 17.5.2.0
MinimumVisualStudioVersion = 10.0.40219.1
Project("{FAE04EC0-301F-11D3-BF4B-00C04F79EFBC}") = "RemoveDuplicates", "RemoveDuplicates.csproj", "{F6B289D8-7045-9EC4-7414-1D917223210D}"
EndProject
Global
	GlobalSection(SolutionConfigurationPlatforms) = preSolution
		Debug|Any CPU = Debug|Any CPU
		Release|Any CPU = Release|Any CPU
	EndGlobalSection
	GlobalSection(ProjectConfigurationPlatforms) = postSolution
		{F6B289D8-7045-9EC4-7414-1D917223210D}.Debug|Any CPU.ActiveCfg = Debug|Any CPU
		{F6B289D8-7045-9EC4-7414-1D917223210D}.Debug|Any CPU.Build.0 = Debug|Any CPU
		{F6B289D8-7045-9EC4-7414-1D917223210D}.Release|Any CPU.ActiveCfg = Release|Any CPU
		{F6B289D8-7045-9EC4-7414-1D917223210D}.Release|Any CPU.Build.0 = Release|Any CPU
	EndGlobalSection
	GlobalSection(SolutionProperties) = preSolution
		HideSolutionNode = FALSE
	EndGlobalSection
	GlobalSection(ExtensibilityGlobals) = postSolution
		SolutionGuid = {1BF2B134-37AA-40F5-949B-C3A7591ACD0D}
	EndGlobalSection
EndGlobal
