Microsoft Visual Studio Solution File, Format Version 12.00
# Visual Studio Version 17
VisualStudioVersion = 17.5.2.0
MinimumVisualStudioVersion = 10.0.40219.1
Project("{FAE04EC0-301F-11D3-BF4B-00C04F79EFBC}") = "SymmetricTree", "SymmetricTree.csproj", "{A8077B5B-2CEA-3EB6-023F-F967CF4AA3B4}"
EndProject
Global
	GlobalSection(SolutionConfigurationPlatforms) = preSolution
		Debug|Any CPU = Debug|Any CPU
		Release|Any CPU = Release|Any CPU
	EndGlobalSection
	GlobalSection(ProjectConfigurationPlatforms) = postSolution
		{A8077B5B-2CEA-3EB6-023F-F967CF4AA3B4}.Debug|Any CPU.ActiveCfg = Debug|Any CPU
		{A8077B5B-2CEA-3EB6-023F-F967CF4AA3B4}.Debug|Any CPU.Build.0 = Debug|Any CPU
		{A8077B5B-2CEA-3EB6-023F-F967CF4AA3B4}.Release|Any CPU.ActiveCfg = Release|Any CPU
		{A8077B5B-2CEA-3EB6-023F-F967CF4AA3B4}.Release|Any CPU.Build.0 = Release|Any CPU
	EndGlobalSection
	GlobalSection(SolutionProperties) = preSolution
		HideSolutionNode = FALSE
	EndGlobalSection
	GlobalSection(ExtensibilityGlobals) = postSolution
		SolutionGuid = {6E263654-889F-4380-A884-9D885B2D9200}
	EndGlobalSection
EndGlobal
