Microsoft Visual Studio Solution File, Format Version 12.00
# Visual Studio Version 17
VisualStudioVersion = 17.5.2.0
MinimumVisualStudioVersion = 10.0.40219.1
Project("{FAE04EC0-301F-11D3-BF4B-00C04F79EFBC}") = "MergeTwoSortedLists", "MergeTwoSortedLists.csproj", "{5090A7D1-9D3F-1351-69E0-4C617DF6D2FF}"
EndProject
Global
	GlobalSection(SolutionConfigurationPlatforms) = preSolution
		Debug|Any CPU = Debug|Any CPU
		Release|Any CPU = Release|Any CPU
	EndGlobalSection
	GlobalSection(ProjectConfigurationPlatforms) = postSolution
		{5090A7D1-9D3F-1351-69E0-4C617DF6D2FF}.Debug|Any CPU.ActiveCfg = Debug|Any CPU
		{5090A7D1-9D3F-1351-69E0-4C617DF6D2FF}.Debug|Any CPU.Build.0 = Debug|Any CPU
		{5090A7D1-9D3F-1351-69E0-4C617DF6D2FF}.Release|Any CPU.ActiveCfg = Release|Any CPU
		{5090A7D1-9D3F-1351-69E0-4C617DF6D2FF}.Release|Any CPU.Build.0 = Release|Any CPU
	EndGlobalSection
	GlobalSection(SolutionProperties) = preSolution
		HideSolutionNode = FALSE
	EndGlobalSection
	GlobalSection(ExtensibilityGlobals) = postSolution
		SolutionGuid = {6F24D51E-04D3-405B-B664-6B18F70EF58D}
	EndGlobalSection
EndGlobal
